
Microsoft Visual Studio Solution File, Format Version 12.00
Project("{FAE04EC0-301F-11D3-BF4B-00C04F79EFBC}") = "hm2", "hm2\hm2.csproj", "{C7CA67B6-545E-43DF-AE9D-6A295A8FE81F}"
EndProject
Global
	GlobalSection(SolutionConfigurationPlatforms) = preSolution
		Debug|Any CPU = Debug|Any CPU
		Release|Any CPU = Release|Any CPU
	EndGlobalSection
	GlobalSection(ProjectConfigurationPlatforms) = postSolution
		{C7CA67B6-545E-43DF-AE9D-6A295A8FE81F}.Debug|Any CPU.ActiveCfg = Debug|Any CPU
		{C7CA67B6-545E-43DF-AE9D-6A295A8FE81F}.Debug|Any CPU.Build.0 = Debug|Any CPU
		{C7CA67B6-545E-43DF-AE9D-6A295A8FE81F}.Release|Any CPU.ActiveCfg = Release|Any CPU
		{C7CA67B6-545E-43DF-AE9D-6A295A8FE81F}.Release|Any CPU.Build.0 = Release|Any CPU
	EndGlobalSection
EndGlobal
